
Microsoft Visual Studio Solution File, Format Version 11.00
# Visual Studio 2010
Project("{8BC9CEB8-8B4A-11D0-8D11-00A0C91BC942}") = "libNeuroNet", "libNeuroNet.vcxproj", "{CFD75296-FAED-435C-A311-A244835186FA}"
EndProject
Project("{8BC9CEB8-8B4A-11D0-8D11-00A0C91BC942}") = "TNTlib", "..\lib\TNT\TNTlib\TNTlib.vcxproj", "{5BA3EEE1-DE10-44DD-A966-26570CBF7557}"
EndProject
Global
	GlobalSection(SolutionConfigurationPlatforms) = preSolution
		Debug|Win32 = Debug|Win32
		Release|Win32 = Release|Win32
	EndGlobalSection
	GlobalSection(ProjectConfigurationPlatforms) = postSolution
		{CFD75296-FAED-435C-A311-A244835186FA}.Debug|Win32.ActiveCfg = Debug|Win32
		{CFD75296-FAED-435C-A311-A244835186FA}.Debug|Win32.Build.0 = Debug|Win32
		{CFD75296-FAED-435C-A311-A244835186FA}.Release|Win32.ActiveCfg = Release|Win32
		{CFD75296-FAED-435C-A311-A244835186FA}.Release|Win32.Build.0 = Release|Win32
		{5BA3EEE1-DE10-44DD-A966-26570CBF7557}.Debug|Win32.ActiveCfg = Debug|Win32
		{5BA3EEE1-DE10-44DD-A966-26570CBF7557}.Debug|Win32.Build.0 = Debug|Win32
		{5BA3EEE1-DE10-44DD-A966-26570CBF7557}.Release|Win32.ActiveCfg = Release|Win32
		{5BA3EEE1-DE10-44DD-A966-26570CBF7557}.Release|Win32.Build.0 = Release|Win32
	EndGlobalSection
	GlobalSection(SolutionProperties) = preSolution
		HideSolutionNode = FALSE
	EndGlobalSection
EndGlobal
