<?xml version="1.0" encoding="utf-8"?>
<Project ToolsVersion="4.0" xmlns="http://schemas.microsoft.com/developer/msbuild/2003">
  <ItemGroup>
    <ClCompile Include="src\Connection.cpp">
      <Filter>network</Filter>
    </ClCompile>
    <ClCompile Include="src\NeuralNetwork.cpp">
      <Filter>network</Filter>
    </ClCompile>
    <ClCompile Include="src\NBandit.cpp">
      <Filter>samples\2_TD</Filter>
    </ClCompile>
    <ClCompile Include="src\sample_td.cpp">
      <Filter>samples\2_TD</Filter>
    </ClCompile>
    <ClCompile Include="src\BanditGame.cpp">
      <Filter>samples\2_TD</Filter>
    </ClCompile>
  </ItemGroup>
  <ItemGroup>
    <ClInclude Include="include\Connection.h">
      <Filter>network</Filter>
    </ClInclude>
    <ClInclude Include="include\NeuralNetwork.h">
      <Filter>network</Filter>
    </ClInclude>
    <ClInclude Include="include\BackProp.h">
      <Filter>algorithm\backprop</Filter>
    </ClInclude>
    <ClInclude Include="include\Define.h">
      <Filter>common</Filter>
    </ClInclude>
    <ClInclude Include="include\network_kernel.cuh">
      <Filter>network</Filter>
    </ClInclude>
    <ClInclude Include="include\TD.h">
      <Filter>algorithm\td</Filter>
    </ClInclude>
    <ClInclude Include="include\vector_kernel.cuh">
      <Filter>common</Filter>
    </ClInclude>
    <ClInclude Include="include\matrix2.h">
      <Filter>common</Filter>
    </ClInclude>
    <ClInclude Include="include\matrix3.h">
      <Filter>common</Filter>
    </ClInclude>
    <ClInclude Include="include\ActorCritic.h">
      <Filter>algorithm\actorcritic</Filter>
    </ClInclude>
    <ClInclude Include="include\IEnvironment.h">
      <Filter>algorithm</Filter>
    </ClInclude>
    <ClInclude Include="include\sample_bp.h">
      <Filter>samples\1_BP</Filter>
    </ClInclude>
    <ClInclude Include="include\vectorN.h">
      <Filter>common</Filter>
    </ClInclude>
    <ClInclude Include="include\TDLambda.h">
      <Filter>algorithm\td</Filter>
    </ClInclude>
    <ClInclude Include="include\NBandit.h">
      <Filter>samples\2_TD</Filter>
    </ClInclude>
    <ClInclude Include="include\sample_td.h">
      <Filter>samples\2_TD</Filter>
    </ClInclude>
    <ClInclude Include="include\BanditGame.h">
      <Filter>samples\2_TD</Filter>
    </ClInclude>
    <ClInclude Include="include\NeuralGroup.cuh">
      <Filter>network</Filter>
    </ClInclude>
  </ItemGroup>
  <ItemGroup>
    <CudaCompile Include="kernel.cu" />
    <CudaCompile Include="src\NeuralGroup.cu">
      <Filter>network</Filter>
    </CudaCompile>
    <CudaCompile Include="src\backprop.cu">
      <Filter>algorithm\backprop</Filter>
    </CudaCompile>
    <CudaCompile Include="src\network_kernel.cu">
      <Filter>network</Filter>
    </CudaCompile>
    <CudaCompile Include="src\TD.cu">
      <Filter>algorithm\td</Filter>
    </CudaCompile>
    <CudaCompile Include="src\vector_kernel.cu">
      <Filter>common</Filter>
    </CudaCompile>
    <CudaCompile Include="src\ActorCritic.cu">
      <Filter>algorithm\actorcritic</Filter>
    </CudaCompile>
    <CudaCompile Include="src\sample_bp.cu">
      <Filter>samples\1_BP</Filter>
    </CudaCompile>
    <CudaCompile Include="src\TDLambda.cu">
      <Filter>algorithm\td</Filter>
    </CudaCompile>
  </ItemGroup>
  <ItemGroup>
    <Filter Include="network">
      <UniqueIdentifier>{db2bb0d5-a26f-46dc-9b19-15dbe09b7a10}</UniqueIdentifier>
    </Filter>
    <Filter Include="common">
      <UniqueIdentifier>{2204fce4-5ef3-4ad6-8782-4933addde28d}</UniqueIdentifier>
    </Filter>
    <Filter Include="algorithm">
      <UniqueIdentifier>{462fcedf-a8a5-4f5e-82bd-165977302307}</UniqueIdentifier>
    </Filter>
    <Filter Include="algorithm\td">
      <UniqueIdentifier>{104a92a9-a6b3-4e2d-86db-d182c7f2c458}</UniqueIdentifier>
    </Filter>
    <Filter Include="algorithm\backprop">
      <UniqueIdentifier>{6b146765-55f2-4d69-ac59-55269aa3d95a}</UniqueIdentifier>
    </Filter>
    <Filter Include="algorithm\actorcritic">
      <UniqueIdentifier>{ac0391b8-3862-4f3b-bab7-cfb0f75f0548}</UniqueIdentifier>
    </Filter>
    <Filter Include="samples">
      <UniqueIdentifier>{3c49de03-b40d-4b6f-ad37-036ee57291b0}</UniqueIdentifier>
    </Filter>
    <Filter Include="samples\1_BP">
      <UniqueIdentifier>{16445c07-3036-4df2-9c43-3eb8d3b11da3}</UniqueIdentifier>
    </Filter>
    <Filter Include="samples\2_TD">
      <UniqueIdentifier>{e8879bc1-2d1e-4ec1-91fd-aab056bca160}</UniqueIdentifier>
    </Filter>
  </ItemGroup>
</Project>