<?xml version="1.0" encoding="utf-8"?>
<Project ToolsVersion="4.0" xmlns="http://schemas.microsoft.com/developer/msbuild/2003">
  <ItemGroup>
    <ClCompile Include="..\libNeuroNet\src\Connection.cpp">
      <Filter>network</Filter>
    </ClCompile>
    <ClCompile Include="..\libNeuroNet\src\NeuralNetwork.cpp">
      <Filter>network</Filter>
    </ClCompile>
    <ClCompile Include="src\main.cpp" />
    <ClCompile Include="src\NeuralGroup.cpp">
      <Filter>network</Filter>
    </ClCompile>
    <ClCompile Include="src\backprop.cpp">
      <Filter>algortihm\bp</Filter>
    </ClCompile>
    <ClCompile Include="src\sample_bp.cpp">
      <Filter>samples\1_BP</Filter>
    </ClCompile>
  </ItemGroup>
  <ItemGroup>
    <ClInclude Include="..\libNeuroNet\include\BackProp.h">
      <Filter>algortihm\bp</Filter>
    </ClInclude>
    <ClInclude Include="..\libNeuroNet\include\matrix2.h">
      <Filter>common</Filter>
    </ClInclude>
    <ClInclude Include="..\libNeuroNet\include\matrix3.h">
      <Filter>common</Filter>
    </ClInclude>
    <ClInclude Include="..\libNeuroNet\include\IEnvironment.h">
      <Filter>algortihm</Filter>
    </ClInclude>
    <ClInclude Include="..\libNeuroNet\include\vectorN.h">
      <Filter>common</Filter>
    </ClInclude>
    <ClInclude Include="..\libNeuroNet\include\Define.h">
      <Filter>common</Filter>
    </ClInclude>
    <ClInclude Include="..\libNeuroNet\include\Connection.h">
      <Filter>network</Filter>
    </ClInclude>
    <ClInclude Include="..\libNeuroNet\include\NeuralNetwork.h">
      <Filter>network</Filter>
    </ClInclude>
    <ClInclude Include="..\libNeuroNet\include\sample_bp.h">
      <Filter>samples\1_BP</Filter>
    </ClInclude>
    <ClInclude Include="include\NeuralGroup.h">
      <Filter>network</Filter>
    </ClInclude>
  </ItemGroup>
  <ItemGroup>
    <Filter Include="algortihm">
      <UniqueIdentifier>{0ff3df8c-96bd-4c42-b09a-6064efc166db}</UniqueIdentifier>
    </Filter>
    <Filter Include="algortihm\bp">
      <UniqueIdentifier>{377d789a-5040-4ed6-942e-b25130e848a3}</UniqueIdentifier>
    </Filter>
    <Filter Include="algortihm\td">
      <UniqueIdentifier>{b3ba1eff-1305-426c-aff1-83d7636ba87f}</UniqueIdentifier>
    </Filter>
    <Filter Include="common">
      <UniqueIdentifier>{e45f0e67-1b6f-4989-94a3-0c445c245c51}</UniqueIdentifier>
    </Filter>
    <Filter Include="network">
      <UniqueIdentifier>{ce771eff-70d6-4144-95da-cee67890bc06}</UniqueIdentifier>
    </Filter>
    <Filter Include="samples">
      <UniqueIdentifier>{09864000-c21b-4f33-82fa-acbdc61b5a8f}</UniqueIdentifier>
    </Filter>
    <Filter Include="samples\1_BP">
      <UniqueIdentifier>{d2d79749-8c01-411b-94b9-a48977030164}</UniqueIdentifier>
    </Filter>
    <Filter Include="samples\2_TD">
      <UniqueIdentifier>{97389de7-5557-4d13-88fc-2704615a0e09}</UniqueIdentifier>
    </Filter>
  </ItemGroup>
</Project>