<?xml version="1.0" encoding="utf-8"?>
<Project ToolsVersion="4.0" xmlns="http://schemas.microsoft.com/developer/msbuild/2003">
  <ItemGroup>
    <Filter Include="algorithm">
      <UniqueIdentifier>{007b2ab7-3396-43eb-8bda-973bfed21ff4}</UniqueIdentifier>
    </Filter>
    <Filter Include="common">
      <UniqueIdentifier>{7e93f0af-bd58-4bdb-89b3-04c1f1f5de39}</UniqueIdentifier>
    </Filter>
    <Filter Include="network">
      <UniqueIdentifier>{121bc21a-db71-43b2-b032-0ce210e6b43d}</UniqueIdentifier>
    </Filter>
    <Filter Include="samples">
      <UniqueIdentifier>{9aa0f32d-36c8-47f8-bc86-c5d92c11a885}</UniqueIdentifier>
    </Filter>
    <Filter Include="samples\2_TD">
      <UniqueIdentifier>{2e550115-99a8-42ed-9e56-b9c24fe8dbe8}</UniqueIdentifier>
    </Filter>
    <Filter Include="samples\1_BP">
      <UniqueIdentifier>{2939f8d2-9d81-476f-907c-2ee60a6eaa71}</UniqueIdentifier>
    </Filter>
    <Filter Include="algorithm\actorcritic">
      <UniqueIdentifier>{b68c7e03-0fd0-487c-b08e-46d750405b55}</UniqueIdentifier>
    </Filter>
    <Filter Include="algorithm\backprop">
      <UniqueIdentifier>{45f6f021-697a-410a-ae97-23edcd05812a}</UniqueIdentifier>
    </Filter>
    <Filter Include="algorithm\td">
      <UniqueIdentifier>{942ab34a-c40b-49d4-9af8-30749d54ac2e}</UniqueIdentifier>
    </Filter>
  </ItemGroup>
  <ItemGroup>
    <ClCompile Include="..\libNeuroNet\src\NBandit.cpp">
      <Filter>samples\2_TD</Filter>
    </ClCompile>
    <ClCompile Include="..\libNeuroNet\src\sample_td.cpp">
      <Filter>samples\2_TD</Filter>
    </ClCompile>
    <ClCompile Include="..\libNeuroNet\src\BanditGame.cpp">
      <Filter>samples\2_TD</Filter>
    </ClCompile>
    <ClCompile Include="..\libNeuroNet\src\Connection.cpp">
      <Filter>network</Filter>
    </ClCompile>
    <ClCompile Include="..\libNeuroNet\src\NeuralNetwork.cpp">
      <Filter>network</Filter>
    </ClCompile>
  </ItemGroup>
  <ItemGroup>
    <ClInclude Include="..\libNeuroNet\include\NBandit.h">
      <Filter>samples\2_TD</Filter>
    </ClInclude>
    <ClInclude Include="..\libNeuroNet\include\sample_td.h">
      <Filter>samples\2_TD</Filter>
    </ClInclude>
    <ClInclude Include="..\libNeuroNet\include\BanditGame.h">
      <Filter>samples\2_TD</Filter>
    </ClInclude>
    <ClInclude Include="..\libNeuroNet\include\sample_bp.h">
      <Filter>samples\1_BP</Filter>
    </ClInclude>
    <ClInclude Include="..\libNeuroNet\include\NeuralNetwork.h">
      <Filter>network</Filter>
    </ClInclude>
    <ClInclude Include="..\libNeuroNet\include\Connection.h">
      <Filter>network</Filter>
    </ClInclude>
    <ClInclude Include="..\libNeuroNet\include\Define.h">
      <Filter>common</Filter>
    </ClInclude>
    <ClInclude Include="..\libNeuroNet\include\vectorN.h">
      <Filter>common</Filter>
    </ClInclude>
    <ClInclude Include="..\libNeuroNet\include\matrix2.h">
      <Filter>common</Filter>
    </ClInclude>
    <ClInclude Include="..\libNeuroNet\include\matrix3.h">
      <Filter>common</Filter>
    </ClInclude>
    <ClInclude Include="..\libNeuroNet\include\ActorCritic.h">
      <Filter>algorithm\actorcritic</Filter>
    </ClInclude>
    <ClInclude Include="..\libNeuroNet\include\BackProp.h">
      <Filter>algorithm\backprop</Filter>
    </ClInclude>
    <ClInclude Include="..\libNeuroNet\include\TD.h">
      <Filter>algorithm\td</Filter>
    </ClInclude>
    <ClInclude Include="..\libNeuroNet\include\TDLambda.h">
      <Filter>algorithm\td</Filter>
    </ClInclude>
    <ClInclude Include="..\libNeuroNet\include\IEnvironment.h">
      <Filter>algorithm</Filter>
    </ClInclude>
    <ClInclude Include="main.cpp" />
  </ItemGroup>
  <ItemGroup>
    <None Include="..\libNeuroNet\src\sample_bp.cu">
      <Filter>samples\1_BP</Filter>
    </None>
    <None Include="..\libNeuroNet\src\NeuralGroup.cu">
      <Filter>network</Filter>
    </None>
    <None Include="..\libNeuroNet\include\NeuralGroup.cuh">
      <Filter>network</Filter>
    </None>
    <None Include="..\libNeuroNet\src\vector_kernel.cu">
      <Filter>common</Filter>
    </None>
    <None Include="..\libNeuroNet\include\vector_kernel.cuh">
      <Filter>common</Filter>
    </None>
    <None Include="..\libNeuroNet\src\ActorCritic.cu">
      <Filter>algorithm\actorcritic</Filter>
    </None>
    <None Include="..\libNeuroNet\src\backprop.cu">
      <Filter>algorithm\backprop</Filter>
    </None>
    <None Include="..\libNeuroNet\src\TD.cu">
      <Filter>algorithm\td</Filter>
    </None>
    <None Include="..\libNeuroNet\src\TDLambda.cu">
      <Filter>algorithm\td</Filter>
    </None>
  </ItemGroup>
</Project>